
Microsoft Visual Studio Solution File, Format Version 12.00
# Visual Studio Version 16
VisualStudioVersion = 16.0.30320.27
MinimumVisualStudioVersion = 10.0.40219.1
Project("{FAE04EC0-301F-11D3-BF4B-00C04F79EFBC}") = "FinalProject", "FinalProject\FinalProject.csproj", "{13CE8217-723F-4DD4-9872-AAFA051210B5}"
EndProject
Global
	GlobalSection(SolutionConfigurationPlatforms) = preSolution
		Debug|Any CPU = Debug|Any CPU
		Release|Any CPU = Release|Any CPU
	EndGlobalSection
	GlobalSection(ProjectConfigurationPlatforms) = postSolution
		{13CE8217-723F-4DD4-9872-AAFA051210B5}.Debug|Any CPU.ActiveCfg = Debug|Any CPU
		{13CE8217-723F-4DD4-9872-AAFA051210B5}.Debug|Any CPU.Build.0 = Debug|Any CPU
		{13CE8217-723F-4DD4-9872-AAFA051210B5}.Release|Any CPU.ActiveCfg = Release|Any CPU
		{13CE8217-723F-4DD4-9872-AAFA051210B5}.Release|Any CPU.Build.0 = Release|Any CPU
	EndGlobalSection
	GlobalSection(SolutionProperties) = preSolution
		HideSolutionNode = FALSE
	EndGlobalSection
	GlobalSection(ExtensibilityGlobals) = postSolution
		SolutionGuid = {7D9160A4-E202-436B-BADB-8D2A2E9B5F72}
	EndGlobalSection
EndGlobal
